// !$*UTF8*$!
{
	archiveVersion = 1;
	classes = {
	};
	objectVersion = 50;
	objects = {

/* Begin PBXBuildFile section */
		8F11016F2518FE550087391B /* AppDelegate.swift in Sources */ = {isa = PBXBuildFile; fileRef = 8F11016E2518FE550087391B /* AppDelegate.swift */; };
		8F1101712518FE550087391B /* SceneDelegate.swift in Sources */ = {isa = PBXBuildFile; fileRef = 8F1101702518FE550087391B /* SceneDelegate.swift */; };
		8F1101732518FE550087391B /* ViewController.swift in Sources */ = {isa = PBXBuildFile; fileRef = 8F1101722518FE550087391B /* ViewController.swift */; };
		8F1101762518FE550087391B /* Main.storyboard in Resources */ = {isa = PBXBuildFile; fileRef = 8F1101742518FE550087391B /* Main.storyboard */; };
		8F1101782518FE570087391B /* Assets.xcassets in Resources */ = {isa = PBXBuildFile; fileRef = 8F1101772518FE570087391B /* Assets.xcassets */; };
		8F11017B2518FE570087391B /* LaunchScreen.storyboard in Resources */ = {isa = PBXBuildFile; fileRef = 8F1101792518FE570087391B /* LaunchScreen.storyboard */; };
		8F1101862518FE570087391B /* BipTheGuyTests.swift in Sources */ = {isa = PBXBuildFile; fileRef = 8F1101852518FE570087391B /* BipTheGuyTests.swift */; };
		8F1101912518FE570087391B /* BipTheGuyUITests.swift in Sources */ = {isa = PBXBuildFile; fileRef = 8F1101902518FE570087391B /* BipTheGuyUITests.swift */; };
/* End PBXBuildFile section */

/* Begin PBXContainerItemProxy section */
		8F1101822518FE570087391B /* PBXContainerItemProxy */ = {
			isa = PBXContainerItemProxy;
			containerPortal = 8F1101632518FE550087391B /* Project object */;
			proxyType = 1;
			remoteGlobalIDString = 8F11016A2518FE550087391B;
			remoteInfo = BipTheGuy;
		};
		8F11018D2518FE570087391B /* PBXContainerItemProxy */ = {
			isa = PBXContainerItemProxy;
			containerPortal = 8F1101632518FE550087391B /* Project object */;
			proxyType = 1;
			remoteGlobalIDString = 8F11016A2518FE550087391B;
			remoteInfo = BipTheGuy;
		};
/* End PBXContainerItemProxy section */

/* Begin PBXFileReference section */
		8F11016B2518FE550087391B /* BipTheGuy.app */ = {isa = PBXFileReference; explicitFileType = wrapper.application; includeInIndex = 0; path = BipTheGuy.app; sourceTree = BUILT_PRODUCTS_DIR; };
		8F11016E2518FE550087391B /* AppDelegate.swift */ = {isa = PBXFileReference; lastKnownFileType = sourcecode.swift; path = AppDelegate.swift; sourceTree = "<group>"; };
		8F1101702518FE550087391B /* SceneDelegate.swift */ = {isa = PBXFileReference; lastKnownFileType = sourcecode.swift; path = SceneDelegate.swift; sourceTree = "<group>"; };
		8F1101722518FE550087391B /* ViewController.swift */ = {isa = PBXFileReference; lastKnownFileType = sourcecode.swift; path = ViewController.swift; sourceTree = "<group>"; };
		8F1101752518FE550087391B /* Base */ = {isa = PBXFileReference; lastKnownFileType = file.storyboard; name = Base; path = Base.lproj/Main.storyboard; sourceTree = "<group>"; };
		8F1101772518FE570087391B /* Assets.xcassets */ = {isa = PBXFileReference; lastKnownFileType = folder.assetcatalog; path = Assets.xcassets; sourceTree = "<group>"; };
		8F11017A2518FE570087391B /* Base */ = {isa = PBXFileReference; lastKnownFileType = file.storyboard; name = Base; path = Base.lproj/LaunchScreen.storyboard; sourceTree = "<group>"; };
		8F11017C2518FE570087391B /* Info.plist */ = {isa = PBXFileReference; lastKnownFileType = text.plist.xml; path = Info.plist; sourceTree = "<group>"; };
		8F1101812518FE570087391B /* BipTheGuyTests.xctest */ = {isa = PBXFileReference; explicitFileType = wrapper.cfbundle; includeInIndex = 0; path = BipTheGuyTests.xctest; sourceTree = BUILT_PRODUCTS_DIR; };
		8F1101852518FE570087391B /* BipTheGuyTests.swift */ = {isa = PBXFileReference; lastKnownFileType = sourcecode.swift; path = BipTheGuyTests.swift; sourceTree = "<group>"; };
		8F1101872518FE570087391B /* Info.plist */ = {isa = PBXFileReference; lastKnownFileType = text.plist.xml; path = Info.plist; sourceTree = "<group>"; };
		8F11018C2518FE570087391B /* BipTheGuyUITests.xctest */ = {isa = PBXFileReference; explicitFileType = wrapper.cfbundle; includeInIndex = 0; path = BipTheGuyUITests.xctest; sourceTree = BUILT_PRODUCTS_DIR; };
		8F1101902518FE570087391B /* BipTheGuyUITests.swift */ = {isa = PBXFileReference; lastKnownFileType = sourcecode.swift; path = BipTheGuyUITests.swift; sourceTree = "<group>"; };
		8F1101922518FE570087391B /* Info.plist */ = {isa = PBXFileReference; lastKnownFileType = text.plist.xml; path = Info.plist; sourceTree = "<group>"; };
/* End PBXFileReference section */

/* Begin PBXFrameworksBuildPhase section */
		8F1101682518FE550087391B /* Frameworks */ = {
			isa = PBXFrameworksBuildPhase;
			buildActionMask = 2147483647;
			files = (
			);
			runOnlyForDeploymentPostprocessing = 0;
		};
		8F11017E2518FE570087391B /* Frameworks */ = {
			isa = PBXFrameworksBuildPhase;
			buildActionMask = 2147483647;
			files = (
			);
			runOnlyForDeploymentPostprocessing = 0;
		};
		8F1101892518FE570087391B /* Frameworks */ = {
			isa = PBXFrameworksBuildPhase;
			buildActionMask = 2147483647;
			files = (
			);
			runOnlyForDeploymentPostprocessing = 0;
		};
/* End PBXFrameworksBuildPhase section */

/* Begin PBXGroup section */
		8F1101622518FE550087391B = {
			isa = PBXGroup;
			children = (
				8F11016D2518FE550087391B /* BipTheGuy */,
				8F1101842518FE570087391B /* BipTheGuyTests */,
				8F11018F2518FE570087391B /* BipTheGuyUITests */,
				8F11016C2518FE550087391B /* Products */,
			);
			sourceTree = "<group>";
		};
		8F11016C2518FE550087391B /* Products */ = {
			isa = PBXGroup;
			children = (
				8F11016B2518FE550087391B /* BipTheGuy.app */,
				8F1101812518FE570087391B /* BipTheGuyTests.xctest */,
				8F11018C2518FE570087391B /* BipTheGuyUITests.xctest */,
			);
			name = Products;
			sourceTree = "<group>";
		};
		8F11016D2518FE550087391B /* BipTheGuy */ = {
			isa = PBXGroup;
			children = (
				8F11016E2518FE550087391B /* AppDelegate.swift */,
				8F1101702518FE550087391B /* SceneDelegate.swift */,
				8F1101722518FE550087391B /* ViewController.swift */,
				8F1101742518FE550087391B /* Main.storyboard */,
				8F1101772518FE570087391B /* Assets.xcassets */,
				8F1101792518FE570087391B /* LaunchScreen.storyboard */,
				8F11017C2518FE570087391B /* Info.plist */,
			);
			path = BipTheGuy;
			sourceTree = "<group>";
		};
		8F1101842518FE570087391B /* BipTheGuyTests */ = {
			isa = PBXGroup;
			children = (
				8F1101852518FE570087391B /* BipTheGuyTests.swift */,
				8F1101872518FE570087391B /* Info.plist */,
			);
			path = BipTheGuyTests;
			sourceTree = "<group>";
		};
		8F11018F2518FE570087391B /* BipTheGuyUITests */ = {
			isa = PBXGroup;
			children = (
				8F1101902518FE570087391B /* BipTheGuyUITests.swift */,
				8F1101922518FE570087391B /* Info.plist */,
			);
			path = BipTheGuyUITests;
			sourceTree = "<group>";
		};
/* End PBXGroup section */

/* Begin PBXNativeTarget section */
		8F11016A2518FE550087391B /* BipTheGuy */ = {
			isa = PBXNativeTarget;
			buildConfigurationList = 8F1101952518FE570087391B /* Build configuration list for PBXNativeTarget "BipTheGuy" */;
			buildPhases = (
				8F1101672518FE550087391B /* Sources */,
				8F1101682518FE550087391B /* Frameworks */,
				8F1101692518FE550087391B /* Resources */,
			);
			buildRules = (
			);
			dependencies = (
			);
			name = BipTheGuy;
			productName = BipTheGuy;
			productReference = 8F11016B2518FE550087391B /* BipTheGuy.app */;
			productType = "com.apple.product-type.application";
		};
		8F1101802518FE570087391B /* BipTheGuyTests */ = {
			isa = PBXNativeTarget;
			buildConfigurationList = 8F1101982518FE570087391B /* Build configuration list for PBXNativeTarget "BipTheGuyTests" */;
			buildPhases = (
				8F11017D2518FE570087391B /* Sources */,
				8F11017E2518FE570087391B /* Frameworks */,
				8F11017F2518FE570087391B /* Resources */,
			);
			buildRules = (
			);
			dependencies = (
				8F1101832518FE570087391B /* PBXTargetDependency */,
			);
			name = BipTheGuyTests;
			productName = BipTheGuyTests;
			productReference = 8F1101812518FE570087391B /* BipTheGuyTests.xctest */;
			productType = "com.apple.product-type.bundle.unit-test";
		};
		8F11018B2518FE570087391B /* BipTheGuyUITests */ = {
			isa = PBXNativeTarget;
			buildConfigurationList = 8F11019B2518FE570087391B /* Build configuration list for PBXNativeTarget "BipTheGuyUITests" */;
			buildPhases = (
				8F1101882518FE570087391B /* Sources */,
				8F1101892518FE570087391B /* Frameworks */,
				8F11018A2518FE570087391B /* Resources */,
			);
			buildRules = (
			);
			dependencies = (
				8F11018E2518FE570087391B /* PBXTargetDependency */,
			);
			name = BipTheGuyUITests;
			productName = BipTheGuyUITests;
			productReference = 8F11018C2518FE570087391B /* BipTheGuyUITests.xctest */;
			productType = "com.apple.product-type.bundle.ui-testing";
		};
/* End PBXNativeTarget section */

/* Begin PBXProject section */
		8F1101632518FE550087391B /* Project object */ = {
			isa = PBXProject;
			attributes = {
				LastSwiftUpdateCheck = 1160;
				LastUpgradeCheck = 1160;
				ORGANIZATIONNAME = "James Monahan";
				TargetAttributes = {
					8F11016A2518FE550087391B = {
						CreatedOnToolsVersion = 11.6;
					};
					8F1101802518FE570087391B = {
						CreatedOnToolsVersion = 11.6;
						TestTargetID = 8F11016A2518FE550087391B;
					};
					8F11018B2518FE570087391B = {
						CreatedOnToolsVersion = 11.6;
						TestTargetID = 8F11016A2518FE550087391B;
					};
				};
			};
			buildConfigurationList = 8F1101662518FE550087391B /* Build configuration list for PBXProject "BipTheGuy" */;
			compatibilityVersion = "Xcode 9.3";
			developmentRegion = en;
			hasScannedForEncodings = 0;
			knownRegions = (
				en,
				Base,
			);
			mainGroup = 8F1101622518FE550087391B;
			productRefGroup = 8F11016C2518FE550087391B /* Products */;
			projectDirPath = "";
			projectRoot = "";
			targets = (
				8F11016A2518FE550087391B /* BipTheGuy */,
				8F1101802518FE570087391B /* BipTheGuyTests */,
				8F11018B2518FE570087391B /* BipTheGuyUITests */,
			);
		};
/* End PBXProject section */

/* Begin PBXResourcesBuildPhase section */
		8F1101692518FE550087391B /* Resources */ = {
			isa = PBXResourcesBuildPhase;
			buildActionMask = 2147483647;
			files = (
				8F11017B2518FE570087391B /* LaunchScreen.storyboard in Resources */,
				8F1101782518FE570087391B /* Assets.xcassets in Resources */,
				8F1101762518FE550087391B /* Main.storyboard in Resources */,
			);
			runOnlyForDeploymentPostprocessing = 0;
		};
		8F11017F2518FE570087391B /* Resources */ = {
			isa = PBXResourcesBuildPhase;
			buildActionMask = 2147483647;
			files = (
			);
			runOnlyForDeploymentPostprocessing = 0;
		};
		8F11018A2518FE570087391B /* Resources */ = {
			isa = PBXResourcesBuildPhase;
			buildActionMask = 2147483647;
			files = (
			);
			runOnlyForDeploymentPostprocessing = 0;
		};
/* End PBXResourcesBuildPhase section */

/* Begin PBXSourcesBuildPhase section */
		8F1101672518FE550087391B /* Sources */ = {
			isa = PBXSourcesBuildPhase;
			buildActionMask = 2147483647;
			files = (
				8F1101732518FE550087391B /* ViewController.swift in Sources */,
				8F11016F2518FE550087391B /* AppDelegate.swift in Sources */,
				8F1101712518FE550087391B /* SceneDelegate.swift in Sources */,
			);
			runOnlyForDeploymentPostprocessing = 0;
		};
		8F11017D2518FE570087391B /* Sources */ = {
			isa = PBXSourcesBuildPhase;
			buildActionMask = 2147483647;
			files = (
				8F1101862518FE570087391B /* BipTheGuyTests.swift in Sources */,
			);
			runOnlyForDeploymentPostprocessing = 0;
		};
		8F1101882518FE570087391B /* Sources */ = {
			isa = PBXSourcesBuildPhase;
			buildActionMask = 2147483647;
			files = (
				8F1101912518FE570087391B /* BipTheGuyUITests.swift in Sources */,
			);
			runOnlyForDeploymentPostprocessing = 0;
		};
/* End PBXSourcesBuildPhase section */

/* Begin PBXTargetDependency section */
		8F1101832518FE570087391B /* PBXTargetDependency */ = {
			isa = PBXTargetDependency;
			target = 8F11016A2518FE550087391B /* BipTheGuy */;
			targetProxy = 8F1101822518FE570087391B /* PBXContainerItemProxy */;
		};
		8F11018E2518FE570087391B /* PBXTargetDependency */ = {
			isa = PBXTargetDependency;
			target = 8F11016A2518FE550087391B /* BipTheGuy */;
			targetProxy = 8F11018D2518FE570087391B /* PBXContainerItemProxy */;
		};
/* End PBXTargetDependency section */

/* Begin PBXVariantGroup section */
		8F1101742518FE550087391B /* Main.storyboard */ = {
			isa = PBXVariantGroup;
			children = (
				8F1101752518FE550087391B /* Base */,
			);
			name = Main.storyboard;
			sourceTree = "<group>";
		};
		8F1101792518FE570087391B /* LaunchScreen.storyboard */ = {
			isa = PBXVariantGroup;
			children = (
				8F11017A2518FE570087391B /* Base */,
			);
			name = LaunchScreen.storyboard;
			sourceTree = "<group>";
		};
/* End PBXVariantGroup section */

/* Begin XCBuildConfiguration section */
		8F1101932518FE570087391B /* Debug */ = {
			isa = XCBuildConfiguration;
			buildSettings = {
				ALWAYS_SEARCH_USER_PATHS = NO;
				CLANG_ANALYZER_NONNULL = YES;
				CLANG_ANALYZER_NUMBER_OBJECT_CONVERSION = YES_AGGRESSIVE;
				CLANG_CXX_LANGUAGE_STANDARD = "gnu++14";
				CLANG_CXX_LIBRARY = "libc++";
				CLANG_ENABLE_MODULES = YES;
				CLANG_ENABLE_OBJC_ARC = YES;
				CLANG_ENABLE_OBJC_WEAK = YES;
				CLANG_WARN_BLOCK_CAPTURE_AUTORELEASING = YES;
				CLANG_WARN_BOOL_CONVERSION = YES;
				CLANG_WARN_COMMA = YES;
				CLANG_WARN_CONSTANT_CONVERSION = YES;
				CLANG_WARN_DEPRECATED_OBJC_IMPLEMENTATIONS = YES;
				CLANG_WARN_DIRECT_OBJC_ISA_USAGE = YES_ERROR;
				CLANG_WARN_DOCUMENTATION_COMMENTS = YES;
				CLANG_WARN_EMPTY_BODY = YES;
				CLANG_WARN_ENUM_CONVERSION = YES;
				CLANG_WARN_INFINITE_RECURSION = YES;
				CLANG_WARN_INT_CONVERSION = YES;
				CLANG_WARN_NON_LITERAL_NULL_CONVERSION = YES;
				CLANG_WARN_OBJC_IMPLICIT_RETAIN_SELF = YES;
				CLANG_WARN_OBJC_LITERAL_CONVERSION = YES;
				CLANG_WARN_OBJC_ROOT_CLASS = YES_ERROR;
				CLANG_WARN_RANGE_LOOP_ANALYSIS = YES;
				CLANG_WARN_STRICT_PROTOTYPES = YES;
				CLANG_WARN_SUSPICIOUS_MOVE = YES;
				CLANG_WARN_UNGUARDED_AVAILABILITY = YES_AGGRESSIVE;
				CLANG_WARN_UNREACHABLE_CODE = YES;
				CLANG_WARN__DUPLICATE_METHOD_MATCH = YES;
				COPY_PHASE_STRIP = NO;
				DEBUG_INFORMATION_FORMAT = dwarf;
				ENABLE_STRICT_OBJC_MSGSEND = YES;
				ENABLE_TESTABILITY = YES;
				GCC_C_LANGUAGE_STANDARD = gnu11;
				GCC_DYNAMIC_NO_PIC = NO;
				GCC_NO_COMMON_BLOCKS = YES;
				GCC_OPTIMIZATION_LEVEL = 0;
				GCC_PREPROCESSOR_DEFINITIONS = (
					"DEBUG=1",
					"$(inherited)",
				);
				GCC_WARN_64_TO_32_BIT_CONVERSION = YES;
				GCC_WARN_ABOUT_RETURN_TYPE = YES_ERROR;
				GCC_WARN_UNDECLARED_SELECTOR = YES;
				GCC_WARN_UNINITIALIZED_AUTOS = YES_AGGRESSIVE;
				GCC_WARN_UNUSED_FUNCTION = YES;
				GCC_WARN_UNUSED_VARIABLE = YES;
				IPHONEOS_DEPLOYMENT_TARGET = 13.6;
				MTL_ENABLE_DEBUG_INFO = INCLUDE_SOURCE;
				MTL_FAST_MATH = YES;
				ONLY_ACTIVE_ARCH = YES;
				SDKROOT = iphoneos;
				SWIFT_ACTIVE_COMPILATION_CONDITIONS = DEBUG;
				SWIFT_OPTIMIZATION_LEVEL = "-Onone";
			};
			name = Debug;
		};
		8F1101942518FE570087391B /* Release */ = {
			isa = XCBuildConfiguration;
			buildSettings = {
				ALWAYS_SEARCH_USER_PATHS = NO;
				CLANG_ANALYZER_NONNULL = YES;
				CLANG_ANALYZER_NUMBER_OBJECT_CONVERSION = YES_AGGRESSIVE;
				CLANG_CXX_LANGUAGE_STANDARD = "gnu++14";
				CLANG_CXX_LIBRARY = "libc++";
				CLANG_ENABLE_MODULES = YES;
				CLANG_ENABLE_OBJC_ARC = YES;
				CLANG_ENABLE_OBJC_WEAK = YES;
				CLANG_WARN_BLOCK_CAPTURE_AUTORELEASING = YES;
				CLANG_WARN_BOOL_CONVERSION = YES;
				CLANG_WARN_COMMA = YES;
				CLANG_WARN_CONSTANT_CONVERSION = YES;
				CLANG_WARN_DEPRECATED_OBJC_IMPLEMENTATIONS = YES;
				CLANG_WARN_DIRECT_OBJC_ISA_USAGE = YES_ERROR;
				CLANG_WARN_DOCUMENTATION_COMMENTS = YES;
				CLANG_WARN_EMPTY_BODY = YES;
				CLANG_WARN_ENUM_CONVERSION = YES;
				CLANG_WARN_INFINITE_RECURSION = YES;
				CLANG_WARN_INT_CONVERSION = YES;
				CLANG_WARN_NON_LITERAL_NULL_CONVERSION = YES;
				CLANG_WARN_OBJC_IMPLICIT_RETAIN_SELF = YES;
				CLANG_WARN_OBJC_LITERAL_CONVERSION = YES;
				CLANG_WARN_OBJC_ROOT_CLASS = YES_ERROR;
				CLANG_WARN_RANGE_LOOP_ANALYSIS = YES;
				CLANG_WARN_STRICT_PROTOTYPES = YES;
				CLANG_WARN_SUSPICIOUS_MOVE = YES;
				CLANG_WARN_UNGUARDED_AVAILABILITY = YES_AGGRESSIVE;
				CLANG_WARN_UNREACHABLE_CODE = YES;
				CLANG_WARN__DUPLICATE_METHOD_MATCH = YES;
				COPY_PHASE_STRIP = NO;
				DEBUG_INFORMATION_FORMAT = "dwarf-with-dsym";
				ENABLE_NS_ASSERTIONS = NO;
				ENABLE_STRICT_OBJC_MSGSEND = YES;
				GCC_C_LANGUAGE_STANDARD = gnu11;
				GCC_NO_COMMON_BLOCKS = YES;
				GCC_WARN_64_TO_32_BIT_CONVERSION = YES;
				GCC_WARN_ABOUT_RETURN_TYPE = YES_ERROR;
				GCC_WARN_UNDECLARED_SELECTOR = YES;
				GCC_WARN_UNINITIALIZED_AUTOS = YES_AGGRESSIVE;
				GCC_WARN_UNUSED_FUNCTION = YES;
				GCC_WARN_UNUSED_VARIABLE = YES;
				IPHONEOS_DEPLOYMENT_TARGET = 13.6;
				MTL_ENABLE_DEBUG_INFO = NO;
				MTL_FAST_MATH = YES;
				SDKROOT = iphoneos;
				SWIFT_COMPILATION_MODE = wholemodule;
				SWIFT_OPTIMIZATION_LEVEL = "-O";
				VALIDATE_PRODUCT = YES;
			};
			name = Release;
		};
		8F1101962518FE570087391B /* Debug */ = {
			isa = XCBuildConfiguration;
			buildSettings = {
				ASSETCATALOG_COMPILER_APPICON_NAME = AppIcon;
				CODE_SIGN_STYLE = Automatic;
				DEVELOPMENT_TEAM = 9R3S48787X;
				INFOPLIST_FILE = BipTheGuy/Info.plist;
				LD_RUNPATH_SEARCH_PATHS = (
					"$(inherited)",
					"@executable_path/Frameworks",
				);
				PRODUCT_BUNDLE_IDENTIFIER = com.Monahan.BipTheGuy;
				PRODUCT_NAME = "$(TARGET_NAME)";
				SWIFT_VERSION = 5.0;
				TARGETED_DEVICE_FAMILY = "1,2";
			};
			name = Debug;
		};
		8F1101972518FE570087391B /* Release */ = {
			isa = XCBuildConfiguration;
			buildSettings = {
				ASSETCATALOG_COMPILER_APPICON_NAME = AppIcon;
				CODE_SIGN_STYLE = Automatic;
				DEVELOPMENT_TEAM = 9R3S48787X;
				INFOPLIST_FILE = BipTheGuy/Info.plist;
				LD_RUNPATH_SEARCH_PATHS = (
					"$(inherited)",
					"@executable_path/Frameworks",
				);
				PRODUCT_BUNDLE_IDENTIFIER = com.Monahan.BipTheGuy;
				PRODUCT_NAME = "$(TARGET_NAME)";
				SWIFT_VERSION = 5.0;
				TARGETED_DEVICE_FAMILY = "1,2";
			};
			name = Release;
		};
		8F1101992518FE570087391B /* Debug */ = {
			isa = XCBuildConfiguration;
			buildSettings = {
				ALWAYS_EMBED_SWIFT_STANDARD_LIBRARIES = YES;
				BUNDLE_LOADER = "$(TEST_HOST)";
				CODE_SIGN_STYLE = Automatic;
				DEVELOPMENT_TEAM = 9R3S48787X;
				INFOPLIST_FILE = BipTheGuyTests/Info.plist;
				IPHONEOS_DEPLOYMENT_TARGET = 13.6;
				LD_RUNPATH_SEARCH_PATHS = (
					"$(inherited)",
					"@executable_path/Frameworks",
					"@loader_path/Frameworks",
				);
				PRODUCT_BUNDLE_IDENTIFIER = com.Monahan.BipTheGuyTests;
				PRODUCT_NAME = "$(TARGET_NAME)";
				SWIFT_VERSION = 5.0;
				TARGETED_DEVICE_FAMILY = "1,2";
				TEST_HOST = "$(BUILT_PRODUCTS_DIR)/BipTheGuy.app/BipTheGuy";
			};
			name = Debug;
		};
		8F11019A2518FE570087391B /* Release */ = {
			isa = XCBuildConfiguration;
			buildSettings = {
				ALWAYS_EMBED_SWIFT_STANDARD_LIBRARIES = YES;
				BUNDLE_LOADER = "$(TEST_HOST)";
				CODE_SIGN_STYLE = Automatic;
				DEVELOPMENT_TEAM = 9R3S48787X;
				INFOPLIST_FILE = BipTheGuyTests/Info.plist;
				IPHONEOS_DEPLOYMENT_TARGET = 13.6;
				LD_RUNPATH_SEARCH_PATHS = (
					"$(inherited)",
					"@executable_path/Frameworks",
					"@loader_path/Frameworks",
				);
				PRODUCT_BUNDLE_IDENTIFIER = com.Monahan.BipTheGuyTests;
				PRODUCT_NAME = "$(TARGET_NAME)";
				SWIFT_VERSION = 5.0;
				TARGETED_DEVICE_FAMILY = "1,2";
				TEST_HOST = "$(BUILT_PRODUCTS_DIR)/BipTheGuy.app/BipTheGuy";
			};
			name = Release;
		};
		8F11019C2518FE570087391B /* Debug */ = {
			isa = XCBuildConfiguration;
			buildSettings = {
				ALWAYS_EMBED_SWIFT_STANDARD_LIBRARIES = YES;
				CODE_SIGN_STYLE = Automatic;
				DEVELOPMENT_TEAM = 9R3S48787X;
				INFOPLIST_FILE = BipTheGuyUITests/Info.plist;
				LD_RUNPATH_SEARCH_PATHS = (
					"$(inherited)",
					"@executable_path/Frameworks",
					"@loader_path/Frameworks",
				);
				PRODUCT_BUNDLE_IDENTIFIER = com.Monahan.BipTheGuyUITests;
				PRODUCT_NAME = "$(TARGET_NAME)";
				SWIFT_VERSION = 5.0;
				TARGETED_DEVICE_FAMILY = "1,2";
				TEST_TARGET_NAME = BipTheGuy;
			};
			name = Debug;
		};
		8F11019D2518FE570087391B /* Release */ = {
			isa = XCBuildConfiguration;
			buildSettings = {
				ALWAYS_EMBED_SWIFT_STANDARD_LIBRARIES = YES;
				CODE_SIGN_STYLE = Automatic;
				DEVELOPMENT_TEAM = 9R3S48787X;
				INFOPLIST_FILE = BipTheGuyUITests/Info.plist;
				LD_RUNPATH_SEARCH_PATHS = (
					"$(inherited)",
					"@executable_path/Frameworks",
					"@loader_path/Frameworks",
				);
				PRODUCT_BUNDLE_IDENTIFIER = com.Monahan.BipTheGuyUITests;
				PRODUCT_NAME = "$(TARGET_NAME)";
				SWIFT_VERSION = 5.0;
				TARGETED_DEVICE_FAMILY = "1,2";
				TEST_TARGET_NAME = BipTheGuy;
			};
			name = Release;
		};
/* End XCBuildConfiguration section */

/* Begin XCConfigurationList section */
		8F1101662518FE550087391B /* Build configuration list for PBXProject "BipTheGuy" */ = {
			isa = XCConfigurationList;
			buildConfigurations = (
				8F1101932518FE570087391B /* Debug */,
				8F1101942518FE570087391B /* Release */,
			);
			defaultConfigurationIsVisible = 0;
			defaultConfigurationName = Release;
		};
		8F1101952518FE570087391B /* Build configuration list for PBXNativeTarget "BipTheGuy" */ = {
			isa = XCConfigurationList;
			buildConfigurations = (
				8F1101962518FE570087391B /* Debug */,
				8F1101972518FE570087391B /* Release */,
			);
			defaultConfigurationIsVisible = 0;
			defaultConfigurationName = Release;
		};
		8F1101982518FE570087391B /* Build configuration list for PBXNativeTarget "BipTheGuyTests" */ = {
			isa = XCConfigurationList;
			buildConfigurations = (
				8F1101992518FE570087391B /* Debug */,
				8F11019A2518FE570087391B /* Release */,
			);
			defaultConfigurationIsVisible = 0;
			defaultConfigurationName = Release;
		};
		8F11019B2518FE570087391B /* Build configuration list for PBXNativeTarget "BipTheGuyUITests" */ = {
			isa = XCConfigurationList;
			buildConfigurations = (
				8F11019C2518FE570087391B /* Debug */,
				8F11019D2518FE570087391B /* Release */,
			);
			defaultConfigurationIsVisible = 0;
			defaultConfigurationName = Release;
		};
/* End XCConfigurationList section */
	};
	rootObject = 8F1101632518FE550087391B /* Project object */;
}
